
Microsoft Visual Studio Solution File, Format Version 12.00
# Visual Studio 15
VisualStudioVersion = 15.0.26020.0
MinimumVisualStudioVersion = 10.0.40219.1
Project("{FAE04EC0-301F-11D3-BF4B-00C04F79EFBC}") = "XamSwipeList.Droid", "XamSwipeList.Droid\XamSwipeList.Droid.csproj", "{1D0C878B-5DD5-4A40-BA64-F8101752A818}"
EndProject
Project("{FAE04EC0-301F-11D3-BF4B-00C04F79EFBC}") = "XamSwipeList", "XamSwipeList\XamSwipeList.csproj", "{E9C8EF63-2256-4016-B4F9-C00216553103}"
EndProject
Global
	GlobalSection(SolutionConfigurationPlatforms) = preSolution
		Ad-Hoc|Any CPU = Ad-Hoc|Any CPU
		Ad-Hoc|iPhone = Ad-Hoc|iPhone
		Ad-Hoc|iPhoneSimulator = Ad-Hoc|iPhoneSimulator
		AppStore|Any CPU = AppStore|Any CPU
		AppStore|iPhone = AppStore|iPhone
		AppStore|iPhoneSimulator = AppStore|iPhoneSimulator
		Debug|Any CPU = Debug|Any CPU
		Debug|iPhone = Debug|iPhone
		Debug|iPhoneSimulator = Debug|iPhoneSimulator
		Release|Any CPU = Release|Any CPU
		Release|iPhone = Release|iPhone
		Release|iPhoneSimulator = Release|iPhoneSimulator
	EndGlobalSection
	GlobalSection(ProjectConfigurationPlatforms) = postSolution
		{1D0C878B-5DD5-4A40-BA64-F8101752A818}.Ad-Hoc|Any CPU.ActiveCfg = Release|Any CPU
		{1D0C878B-5DD5-4A40-BA64-F8101752A818}.Ad-Hoc|Any CPU.Build.0 = Release|Any CPU
		{1D0C878B-5DD5-4A40-BA64-F8101752A818}.Ad-Hoc|Any CPU.Deploy.0 = Release|Any CPU
		{1D0C878B-5DD5-4A40-BA64-F8101752A818}.Ad-Hoc|iPhone.ActiveCfg = Release|Any CPU
		{1D0C878B-5DD5-4A40-BA64-F8101752A818}.Ad-Hoc|iPhone.Build.0 = Release|Any CPU
		{1D0C878B-5DD5-4A40-BA64-F8101752A818}.Ad-Hoc|iPhone.Deploy.0 = Release|Any CPU
		{1D0C878B-5DD5-4A40-BA64-F8101752A818}.Ad-Hoc|iPhoneSimulator.ActiveCfg = Release|Any CPU
		{1D0C878B-5DD5-4A40-BA64-F8101752A818}.Ad-Hoc|iPhoneSimulator.Build.0 = Release|Any CPU
		{1D0C878B-5DD5-4A40-BA64-F8101752A818}.Ad-Hoc|iPhoneSimulator.Deploy.0 = Release|Any CPU
		{1D0C878B-5DD5-4A40-BA64-F8101752A818}.AppStore|Any CPU.ActiveCfg = Release|Any CPU
		{1D0C878B-5DD5-4A40-BA64-F8101752A818}.AppStore|Any CPU.Build.0 = Release|Any CPU
		{1D0C878B-5DD5-4A40-BA64-F8101752A818}.AppStore|Any CPU.Deploy.0 = Release|Any CPU
		{1D0C878B-5DD5-4A40-BA64-F8101752A818}.AppStore|iPhone.ActiveCfg = Release|Any CPU
		{1D0C878B-5DD5-4A40-BA64-F8101752A818}.AppStore|iPhone.Build.0 = Release|Any CPU
		{1D0C878B-5DD5-4A40-BA64-F8101752A818}.AppStore|iPhone.Deploy.0 = Release|Any CPU
		{1D0C878B-5DD5-4A40-BA64-F8101752A818}.AppStore|iPhoneSimulator.ActiveCfg = Release|Any CPU
		{1D0C878B-5DD5-4A40-BA64-F8101752A818}.AppStore|iPhoneSimulator.Build.0 = Release|Any CPU
		{1D0C878B-5DD5-4A40-BA64-F8101752A818}.AppStore|iPhoneSimulator.Deploy.0 = Release|Any CPU
		{1D0C878B-5DD5-4A40-BA64-F8101752A818}.Debug|Any CPU.ActiveCfg = Debug|Any CPU
		{1D0C878B-5DD5-4A40-BA64-F8101752A818}.Debug|Any CPU.Build.0 = Debug|Any CPU
		{1D0C878B-5DD5-4A40-BA64-F8101752A818}.Debug|Any CPU.Deploy.0 = Debug|Any CPU
		{1D0C878B-5DD5-4A40-BA64-F8101752A818}.Debug|iPhone.ActiveCfg = Debug|Any CPU
		{1D0C878B-5DD5-4A40-BA64-F8101752A818}.Debug|iPhone.Build.0 = Debug|Any CPU
		{1D0C878B-5DD5-4A40-BA64-F8101752A818}.Debug|iPhone.Deploy.0 = Debug|Any CPU
		{1D0C878B-5DD5-4A40-BA64-F8101752A818}.Debug|iPhoneSimulator.ActiveCfg = Debug|Any CPU
		{1D0C878B-5DD5-4A40-BA64-F8101752A818}.Debug|iPhoneSimulator.Build.0 = Debug|Any CPU
		{1D0C878B-5DD5-4A40-BA64-F8101752A818}.Debug|iPhoneSimulator.Deploy.0 = Debug|Any CPU
		{1D0C878B-5DD5-4A40-BA64-F8101752A818}.Release|Any CPU.ActiveCfg = Release|Any CPU
		{1D0C878B-5DD5-4A40-BA64-F8101752A818}.Release|Any CPU.Build.0 = Release|Any CPU
		{1D0C878B-5DD5-4A40-BA64-F8101752A818}.Release|Any CPU.Deploy.0 = Release|Any CPU
		{1D0C878B-5DD5-4A40-BA64-F8101752A818}.Release|iPhone.ActiveCfg = Release|Any CPU
		{1D0C878B-5DD5-4A40-BA64-F8101752A818}.Release|iPhone.Build.0 = Release|Any CPU
		{1D0C878B-5DD5-4A40-BA64-F8101752A818}.Release|iPhone.Deploy.0 = Release|Any CPU
		{1D0C878B-5DD5-4A40-BA64-F8101752A818}.Release|iPhoneSimulator.ActiveCfg = Release|Any CPU
		{1D0C878B-5DD5-4A40-BA64-F8101752A818}.Release|iPhoneSimulator.Build.0 = Release|Any CPU
		{1D0C878B-5DD5-4A40-BA64-F8101752A818}.Release|iPhoneSimulator.Deploy.0 = Release|Any CPU
		{E9C8EF63-2256-4016-B4F9-C00216553103}.Ad-Hoc|Any CPU.ActiveCfg = Release|Any CPU
		{E9C8EF63-2256-4016-B4F9-C00216553103}.Ad-Hoc|Any CPU.Build.0 = Release|Any CPU
		{E9C8EF63-2256-4016-B4F9-C00216553103}.Ad-Hoc|iPhone.ActiveCfg = Release|Any CPU
		{E9C8EF63-2256-4016-B4F9-C00216553103}.Ad-Hoc|iPhone.Build.0 = Release|Any CPU
		{E9C8EF63-2256-4016-B4F9-C00216553103}.Ad-Hoc|iPhoneSimulator.ActiveCfg = Release|Any CPU
		{E9C8EF63-2256-4016-B4F9-C00216553103}.Ad-Hoc|iPhoneSimulator.Build.0 = Release|Any CPU
		{E9C8EF63-2256-4016-B4F9-C00216553103}.AppStore|Any CPU.ActiveCfg = Release|Any CPU
		{E9C8EF63-2256-4016-B4F9-C00216553103}.AppStore|Any CPU.Build.0 = Release|Any CPU
		{E9C8EF63-2256-4016-B4F9-C00216553103}.AppStore|iPhone.ActiveCfg = Release|Any CPU
		{E9C8EF63-2256-4016-B4F9-C00216553103}.AppStore|iPhone.Build.0 = Release|Any CPU
		{E9C8EF63-2256-4016-B4F9-C00216553103}.AppStore|iPhoneSimulator.ActiveCfg = Release|Any CPU
		{E9C8EF63-2256-4016-B4F9-C00216553103}.AppStore|iPhoneSimulator.Build.0 = Release|Any CPU
		{E9C8EF63-2256-4016-B4F9-C00216553103}.Debug|Any CPU.ActiveCfg = Debug|Any CPU
		{E9C8EF63-2256-4016-B4F9-C00216553103}.Debug|Any CPU.Build.0 = Debug|Any CPU
		{E9C8EF63-2256-4016-B4F9-C00216553103}.Debug|iPhone.ActiveCfg = Debug|Any CPU
		{E9C8EF63-2256-4016-B4F9-C00216553103}.Debug|iPhone.Build.0 = Debug|Any CPU
		{E9C8EF63-2256-4016-B4F9-C00216553103}.Debug|iPhoneSimulator.ActiveCfg = Debug|Any CPU
		{E9C8EF63-2256-4016-B4F9-C00216553103}.Debug|iPhoneSimulator.Build.0 = Debug|Any CPU
		{E9C8EF63-2256-4016-B4F9-C00216553103}.Release|Any CPU.ActiveCfg = Release|Any CPU
		{E9C8EF63-2256-4016-B4F9-C00216553103}.Release|Any CPU.Build.0 = Release|Any CPU
		{E9C8EF63-2256-4016-B4F9-C00216553103}.Release|iPhone.ActiveCfg = Release|Any CPU
		{E9C8EF63-2256-4016-B4F9-C00216553103}.Release|iPhone.Build.0 = Release|Any CPU
		{E9C8EF63-2256-4016-B4F9-C00216553103}.Release|iPhoneSimulator.ActiveCfg = Release|Any CPU
		{E9C8EF63-2256-4016-B4F9-C00216553103}.Release|iPhoneSimulator.Build.0 = Release|Any CPU
	EndGlobalSection
	GlobalSection(SolutionProperties) = preSolution
		HideSolutionNode = FALSE
	EndGlobalSection
EndGlobal
